<?xml version="1.0" encoding="utf-8"?>
<Project ToolsVersion="4.0" xmlns="http://schemas.microsoft.com/developer/msbuild/2003">
  <ItemGroup>
    <Filter Include="Source Files">
      <UniqueIdentifier>{4FC737F1-C7A5-4376-A066-2A32D752A2FF}</UniqueIdentifier>
      <Extensions>cpp;c;cc;cxx;c++;cppm;ixx;def;odl;idl;hpj;bat;asm;asmx</Extensions>
    </Filter>
    <Filter Include="Header Files">
      <UniqueIdentifier>{93995380-89BD-4b04-88EB-625FBE52EBFB}</UniqueIdentifier>
      <Extensions>h;hh;hpp;hxx;h++;hm;inl;inc;ipp;xsd</Extensions>
    </Filter>
    <Filter Include="Resource Files">
      <UniqueIdentifier>{67DA6AB6-F800-4c08-8B7A-83BB121AAD01}</UniqueIdentifier>
      <Extensions>rc;ico;cur;bmp;dlg;rc2;rct;bin;rgs;gif;jpg;jpeg;jpe;resx;tiff;tif;png;wav;mfcribbon-ms</Extensions>
    </Filter>
    <Filter Include="Header Files\libgraphics">
      <UniqueIdentifier>{7302210e-10d2-47d8-b8b8-67ca7064d3e8}</UniqueIdentifier>
    </Filter>
    <Filter Include="Header Files\simpleGUI">
      <UniqueIdentifier>{a591f1fd-b8de-4780-9297-b71c0adeffe1}</UniqueIdentifier>
    </Filter>
  </ItemGroup>
  <ItemGroup>
    <ClInclude Include="targetver.h">
      <Filter>Header Files</Filter>
    </ClInclude>
    <ClInclude Include="Resource.h">
      <Filter>Header Files</Filter>
    </ClInclude>
    <ClInclude Include="..\libgraphics\boolean.h">
      <Filter>Header Files\libgraphics</Filter>
    </ClInclude>
    <ClInclude Include="..\libgraphics\exception.h">
      <Filter>Header Files\libgraphics</Filter>
    </ClInclude>
    <ClInclude Include="..\libgraphics\extgraph.h">
      <Filter>Header Files\libgraphics</Filter>
    </ClInclude>
    <ClInclude Include="..\libgraphics\gcalloc.h">
      <Filter>Header Files\libgraphics</Filter>
    </ClInclude>
    <ClInclude Include="..\libgraphics\genlib.h">
      <Filter>Header Files\libgraphics</Filter>
    </ClInclude>
    <ClInclude Include="..\libgraphics\graphics.h">
      <Filter>Header Files\libgraphics</Filter>
    </ClInclude>
    <ClInclude Include="..\libgraphics\linkedlist.h">
      <Filter>Header Files\libgraphics</Filter>
    </ClInclude>
    <ClInclude Include="..\libgraphics\random.h">
      <Filter>Header Files\libgraphics</Filter>
    </ClInclude>
    <ClInclude Include="..\libgraphics\simpio.h">
      <Filter>Header Files\libgraphics</Filter>
    </ClInclude>
    <ClInclude Include="..\libgraphics\strlib.h">
      <Filter>Header Files\libgraphics</Filter>
    </ClInclude>
    <ClInclude Include="..\simpleGUI\imgui.h">
      <Filter>Header Files\simpleGUI</Filter>
    </ClInclude>
  </ItemGroup>
  <ItemGroup>
    <ResourceCompile Include="TypingWindow.rc">
      <Filter>Resource Files</Filter>
    </ResourceCompile>
  </ItemGroup>
  <ItemGroup>
    <Image Include="small.ico">
      <Filter>Resource Files</Filter>
    </Image>
    <Image Include="TypingWindow.ico">
      <Filter>Resource Files</Filter>
    </Image>
  </ItemGroup>
  <ItemGroup>
    <ClCompile Include="main.c">
      <Filter>Source Files</Filter>
    </ClCompile>
    <ClCompile Include="..\libgraphics\exceptio.c">
      <Filter>Header Files\libgraphics</Filter>
    </ClCompile>
    <ClCompile Include="..\libgraphics\genlib.c">
      <Filter>Header Files\libgraphics</Filter>
    </ClCompile>
    <ClCompile Include="..\libgraphics\graphics.c">
      <Filter>Header Files\libgraphics</Filter>
    </ClCompile>
    <ClCompile Include="..\libgraphics\linkedlist.c">
      <Filter>Header Files\libgraphics</Filter>
    </ClCompile>
    <ClCompile Include="..\libgraphics\random.c">
      <Filter>Header Files\libgraphics</Filter>
    </ClCompile>
    <ClCompile Include="..\libgraphics\simpio.c">
      <Filter>Header Files\libgraphics</Filter>
    </ClCompile>
    <ClCompile Include="..\libgraphics\strlib.c">
      <Filter>Header Files\libgraphics</Filter>
    </ClCompile>
    <ClCompile Include="..\simpleGUI\imgui.c">
      <Filter>Header Files\simpleGUI</Filter>
    </ClCompile>
  </ItemGroup>
</Project>